
Microsoft Visual Studio Solution File, Format Version 12.00
# Visual Studio Version 16
VisualStudioVersion = 16.0.31911.196
MinimumVisualStudioVersion = 10.0.40219.1
Project("{FAE04EC0-301F-11D3-BF4B-00C04F79EFBC}") = "commumoney.DAL", "miniprojet_potcommun\commumoney.DAL.csproj", "{ADAE7591-66AD-4A9A-9C35-C15E8372D566}"
EndProject
Global
	GlobalSection(SolutionConfigurationPlatforms) = preSolution
		Debug|Any CPU = Debug|Any CPU
		Release|Any CPU = Release|Any CPU
	EndGlobalSection
	GlobalSection(ProjectConfigurationPlatforms) = postSolution
		{ADAE7591-66AD-4A9A-9C35-C15E8372D566}.Debug|Any CPU.ActiveCfg = Debug|Any CPU
		{ADAE7591-66AD-4A9A-9C35-C15E8372D566}.Debug|Any CPU.Build.0 = Debug|Any CPU
		{ADAE7591-66AD-4A9A-9C35-C15E8372D566}.Release|Any CPU.ActiveCfg = Release|Any CPU
		{ADAE7591-66AD-4A9A-9C35-C15E8372D566}.Release|Any CPU.Build.0 = Release|Any CPU
	EndGlobalSection
	GlobalSection(SolutionProperties) = preSolution
		HideSolutionNode = FALSE
	EndGlobalSection
	GlobalSection(ExtensibilityGlobals) = postSolution
		SolutionGuid = {B1EAA969-2B28-420D-B9EE-B1BC1948C385}
	EndGlobalSection
EndGlobal
